
Microsoft Visual Studio Solution File, Format Version 12.00
Project("{FAE04EC0-301F-11D3-BF4B-00C04F79EFBC}") = "LimitOrderBook", "LimitOrderBook\LimitOrderBook.csproj", "{81BC321E-C836-47E4-80A9-2A0E20D82C0D}"
EndProject
Project("{FAE04EC0-301F-11D3-BF4B-00C04F79EFBC}") = "LimitOrderBookTester", "LimitOrderBookTester\LimitOrderBookTester.csproj", "{52A99E22-7EC2-40F8-9B8E-34BA75734295}"
EndProject
Global
	GlobalSection(SolutionConfigurationPlatforms) = preSolution
		Debug|Any CPU = Debug|Any CPU
		Release|Any CPU = Release|Any CPU
	EndGlobalSection
	GlobalSection(ProjectConfigurationPlatforms) = postSolution
		{81BC321E-C836-47E4-80A9-2A0E20D82C0D}.Debug|Any CPU.ActiveCfg = Debug|Any CPU
		{81BC321E-C836-47E4-80A9-2A0E20D82C0D}.Debug|Any CPU.Build.0 = Debug|Any CPU
		{81BC321E-C836-47E4-80A9-2A0E20D82C0D}.Release|Any CPU.ActiveCfg = Release|Any CPU
		{81BC321E-C836-47E4-80A9-2A0E20D82C0D}.Release|Any CPU.Build.0 = Release|Any CPU
		{52A99E22-7EC2-40F8-9B8E-34BA75734295}.Debug|Any CPU.ActiveCfg = Debug|Any CPU
		{52A99E22-7EC2-40F8-9B8E-34BA75734295}.Debug|Any CPU.Build.0 = Debug|Any CPU
		{52A99E22-7EC2-40F8-9B8E-34BA75734295}.Release|Any CPU.ActiveCfg = Release|Any CPU
		{52A99E22-7EC2-40F8-9B8E-34BA75734295}.Release|Any CPU.Build.0 = Release|Any CPU
	EndGlobalSection
EndGlobal
